
Microsoft Visual Studio Solution File, Format Version 12.00
# Visual Studio Version 16
VisualStudioVersion = 16.0.30104.148
MinimumVisualStudioVersion = 10.0.40219.1
Project("{8BC9CEB8-8B4A-11D0-8D11-00A0C91BC942}") = "SpringMass", "SpringMass\SpringMass.vcxproj", "{ABA1D03F-B952-48D2-A0C7-1D5482233B32}"
EndProject
Global
	GlobalSection(SolutionConfigurationPlatforms) = preSolution
		Debug|x64 = Debug|x64
		Release|x64 = Release|x64
	EndGlobalSection
	GlobalSection(ProjectConfigurationPlatforms) = postSolution
		{ABA1D03F-B952-48D2-A0C7-1D5482233B32}.Debug|x64.ActiveCfg = Debug|x64
		{ABA1D03F-B952-48D2-A0C7-1D5482233B32}.Debug|x64.Build.0 = Debug|x64
		{ABA1D03F-B952-48D2-A0C7-1D5482233B32}.Release|x64.ActiveCfg = Release|x64
		{ABA1D03F-B952-48D2-A0C7-1D5482233B32}.Release|x64.Build.0 = Release|x64
	EndGlobalSection
	GlobalSection(SolutionProperties) = preSolution
		HideSolutionNode = FALSE
	EndGlobalSection
	GlobalSection(ExtensibilityGlobals) = postSolution
		SolutionGuid = {45CC4EBE-9C30-4793-A276-95AB2CBDFFB7}
	EndGlobalSection
EndGlobal
